// !$*UTF8*$!
{
	archiveVersion = 1;
	classes = {
	};
	objectVersion = 46;
	objects = {

/* Begin PBXBuildFile section */
		8D1BB8BE1FD56A2900A3F482 /* Image.swift in Sources */ = {isa = PBXBuildFile; fileRef = 8D1BB8BD1FD56A2900A3F482 /* Image.swift */; };
		8D1BB8C01FD56E4800A3F482 /* PMSliderDistributable.swift in Sources */ = {isa = PBXBuildFile; fileRef = 8D1BB8BF1FD56E4800A3F482 /* PMSliderDistributable.swift */; };
		8D2EAD4D1FD94E7E001DDB61 /* Toast.swift in Sources */ = {isa = PBXBuildFile; fileRef = 8D2EAD4C1FD94E7E001DDB61 /* Toast.swift */; };
		8D3BE6D81FC7F518001233D3 /* PMToast.swift in Sources */ = {isa = PBXBuildFile; fileRef = 8D3BE6D71FC7F518001233D3 /* PMToast.swift */; };
		8D3BE6DA1FC7FFA2001233D3 /* EssentialConstants.swift in Sources */ = {isa = PBXBuildFile; fileRef = 8D3BE6D91FC7FFA2001233D3 /* EssentialConstants.swift */; };
		8D3BE6DD1FC800FE001233D3 /* Colors.swift in Sources */ = {isa = PBXBuildFile; fileRef = 8D3BE6DC1FC800FE001233D3 /* Colors.swift */; };
		8D3BE6DF1FC812E0001233D3 /* TableCell_onlyName.xib in Resources */ = {isa = PBXBuildFile; fileRef = 8D3BE6DE1FC812E0001233D3 /* TableCell_onlyName.xib */; };
		8D3BE6E11FC814F6001233D3 /* TableCell_onlyName.swift in Sources */ = {isa = PBXBuildFile; fileRef = 8D3BE6E01FC814F6001233D3 /* TableCell_onlyName.swift */; };
		8D52D1961FD524EB0051960A /* PMSlider.swift in Sources */ = {isa = PBXBuildFile; fileRef = 8D52D1951FD524EB0051960A /* PMSlider.swift */; };
		8D5813D61FD6607B00CEFAF0 /* ApiFunctions.swift in Sources */ = {isa = PBXBuildFile; fileRef = 8D5813D51FD6607B00CEFAF0 /* ApiFunctions.swift */; };
		8D5813D81FD6608B00CEFAF0 /* FCM.swift in Sources */ = {isa = PBXBuildFile; fileRef = 8D5813D71FD6608B00CEFAF0 /* FCM.swift */; };
		8DD8D3FA1FBEA90A000D27A5 /* PmImageView.swift in Sources */ = {isa = PBXBuildFile; fileRef = 8DD8D3F91FBEA90A000D27A5 /* PmImageView.swift */; };
		8DDC7E871FBC077200395D67 /* AppDelegate.swift in Sources */ = {isa = PBXBuildFile; fileRef = 8DDC7E861FBC077200395D67 /* AppDelegate.swift */; };
		8DDC7E891FBC077200395D67 /* ViewController.swift in Sources */ = {isa = PBXBuildFile; fileRef = 8DDC7E881FBC077200395D67 /* ViewController.swift */; };
		8DDC7E8C1FBC077200395D67 /* Main.storyboard in Resources */ = {isa = PBXBuildFile; fileRef = 8DDC7E8A1FBC077200395D67 /* Main.storyboard */; };
		8DDC7E8F1FBC077200395D67 /* StarterProject.xcdatamodeld in Sources */ = {isa = PBXBuildFile; fileRef = 8DDC7E8D1FBC077200395D67 /* StarterProject.xcdatamodeld */; };
		8DDC7E911FBC077200395D67 /* Assets.xcassets in Resources */ = {isa = PBXBuildFile; fileRef = 8DDC7E901FBC077200395D67 /* Assets.xcassets */; };
		8DDC7E941FBC077200395D67 /* LaunchScreen.storyboard in Resources */ = {isa = PBXBuildFile; fileRef = 8DDC7E921FBC077200395D67 /* LaunchScreen.storyboard */; };
		8DDC7EA21FBC086200395D67 /* Convert.swift in Sources */ = {isa = PBXBuildFile; fileRef = 8DDC7EA11FBC086200395D67 /* Convert.swift */; };
		8DDC7EA61FBC08B200395D67 /* Data.swift in Sources */ = {isa = PBXBuildFile; fileRef = 8DDC7EA51FBC08B200395D67 /* Data.swift */; };
		8DDC7EA81FBC092100395D67 /* KeychainSwiftDistrib.swift in Sources */ = {isa = PBXBuildFile; fileRef = 8DDC7EA71FBC092100395D67 /* KeychainSwiftDistrib.swift */; };
		8DDC7EAD1FBC129B00395D67 /* LoginButton.swift in Sources */ = {isa = PBXBuildFile; fileRef = 8DDC7EAC1FBC129B00395D67 /* LoginButton.swift */; };
		8DDC7EAF1FBC19E100395D67 /* ImageView.swift in Sources */ = {isa = PBXBuildFile; fileRef = 8DDC7EAE1FBC19E100395D67 /* ImageView.swift */; };
		8DFC0C351FCE775A002ADF48 /* UIView.swift in Sources */ = {isa = PBXBuildFile; fileRef = 8DFC0C341FCE775A002ADF48 /* UIView.swift */; };
		8DFC0C371FCE77EA002ADF48 /* ConstantTableViewCellIDs.swift in Sources */ = {isa = PBXBuildFile; fileRef = 8DFC0C361FCE77EA002ADF48 /* ConstantTableViewCellIDs.swift */; };
		8DFC0C391FCE7A1D002ADF48 /* ColorConstants.swift in Sources */ = {isa = PBXBuildFile; fileRef = 8DFC0C381FCE7A1D002ADF48 /* ColorConstants.swift */; };
/* End PBXBuildFile section */

/* Begin PBXFileReference section */
		8D1BB8BD1FD56A2900A3F482 /* Image.swift */ = {isa = PBXFileReference; fileEncoding = 4; lastKnownFileType = sourcecode.swift; path = Image.swift; sourceTree = "<group>"; };
		8D1BB8BF1FD56E4800A3F482 /* PMSliderDistributable.swift */ = {isa = PBXFileReference; fileEncoding = 4; lastKnownFileType = sourcecode.swift; path = PMSliderDistributable.swift; sourceTree = "<group>"; };
		8D2EAD4C1FD94E7E001DDB61 /* Toast.swift */ = {isa = PBXFileReference; fileEncoding = 4; lastKnownFileType = sourcecode.swift; path = Toast.swift; sourceTree = "<group>"; };
		8D3BE6D71FC7F518001233D3 /* PMToast.swift */ = {isa = PBXFileReference; fileEncoding = 4; lastKnownFileType = sourcecode.swift; path = PMToast.swift; sourceTree = "<group>"; };
		8D3BE6D91FC7FFA2001233D3 /* EssentialConstants.swift */ = {isa = PBXFileReference; fileEncoding = 4; lastKnownFileType = sourcecode.swift; path = EssentialConstants.swift; sourceTree = "<group>"; };
		8D3BE6DC1FC800FE001233D3 /* Colors.swift */ = {isa = PBXFileReference; fileEncoding = 4; lastKnownFileType = sourcecode.swift; path = Colors.swift; sourceTree = "<group>"; };
		8D3BE6DE1FC812E0001233D3 /* TableCell_onlyName.xib */ = {isa = PBXFileReference; fileEncoding = 4; lastKnownFileType = file.xib; path = TableCell_onlyName.xib; sourceTree = "<group>"; };
		8D3BE6E01FC814F6001233D3 /* TableCell_onlyName.swift */ = {isa = PBXFileReference; fileEncoding = 4; lastKnownFileType = sourcecode.swift; path = TableCell_onlyName.swift; sourceTree = "<group>"; };
		8D52D1951FD524EB0051960A /* PMSlider.swift */ = {isa = PBXFileReference; fileEncoding = 4; lastKnownFileType = sourcecode.swift; path = PMSlider.swift; sourceTree = "<group>"; };
		8D5813D51FD6607B00CEFAF0 /* ApiFunctions.swift */ = {isa = PBXFileReference; fileEncoding = 4; lastKnownFileType = sourcecode.swift; path = ApiFunctions.swift; sourceTree = "<group>"; };
		8D5813D71FD6608B00CEFAF0 /* FCM.swift */ = {isa = PBXFileReference; fileEncoding = 4; lastKnownFileType = sourcecode.swift; path = FCM.swift; sourceTree = "<group>"; };
		8DD8D3F91FBEA90A000D27A5 /* PmImageView.swift */ = {isa = PBXFileReference; fileEncoding = 4; lastKnownFileType = sourcecode.swift; path = PmImageView.swift; sourceTree = "<group>"; };
		8DDC7E831FBC077200395D67 /* StarterProject.app */ = {isa = PBXFileReference; explicitFileType = wrapper.application; includeInIndex = 0; path = StarterProject.app; sourceTree = BUILT_PRODUCTS_DIR; };
		8DDC7E861FBC077200395D67 /* AppDelegate.swift */ = {isa = PBXFileReference; lastKnownFileType = sourcecode.swift; path = AppDelegate.swift; sourceTree = "<group>"; };
		8DDC7E881FBC077200395D67 /* ViewController.swift */ = {isa = PBXFileReference; lastKnownFileType = sourcecode.swift; path = ViewController.swift; sourceTree = "<group>"; };
		8DDC7E8B1FBC077200395D67 /* Base */ = {isa = PBXFileReference; lastKnownFileType = file.storyboard; name = Base; path = Base.lproj/Main.storyboard; sourceTree = "<group>"; };
		8DDC7E8E1FBC077200395D67 /* StarterProject.xcdatamodel */ = {isa = PBXFileReference; lastKnownFileType = wrapper.xcdatamodel; path = StarterProject.xcdatamodel; sourceTree = "<group>"; };
		8DDC7E901FBC077200395D67 /* Assets.xcassets */ = {isa = PBXFileReference; lastKnownFileType = folder.assetcatalog; path = Assets.xcassets; sourceTree = "<group>"; };
		8DDC7E931FBC077200395D67 /* Base */ = {isa = PBXFileReference; lastKnownFileType = file.storyboard; name = Base; path = Base.lproj/LaunchScreen.storyboard; sourceTree = "<group>"; };
		8DDC7E951FBC077200395D67 /* Info.plist */ = {isa = PBXFileReference; lastKnownFileType = text.plist.xml; path = Info.plist; sourceTree = "<group>"; };
		8DDC7EA11FBC086200395D67 /* Convert.swift */ = {isa = PBXFileReference; fileEncoding = 4; lastKnownFileType = sourcecode.swift; path = Convert.swift; sourceTree = "<group>"; };
		8DDC7EA51FBC08B200395D67 /* Data.swift */ = {isa = PBXFileReference; fileEncoding = 4; lastKnownFileType = sourcecode.swift; path = Data.swift; sourceTree = "<group>"; };
		8DDC7EA71FBC092100395D67 /* KeychainSwiftDistrib.swift */ = {isa = PBXFileReference; fileEncoding = 4; lastKnownFileType = sourcecode.swift; path = KeychainSwiftDistrib.swift; sourceTree = "<group>"; };
		8DDC7EAC1FBC129B00395D67 /* LoginButton.swift */ = {isa = PBXFileReference; fileEncoding = 4; lastKnownFileType = sourcecode.swift; path = LoginButton.swift; sourceTree = "<group>"; };
		8DDC7EAE1FBC19E100395D67 /* ImageView.swift */ = {isa = PBXFileReference; fileEncoding = 4; lastKnownFileType = sourcecode.swift; path = ImageView.swift; sourceTree = "<group>"; };
		8DFC0C341FCE775A002ADF48 /* UIView.swift */ = {isa = PBXFileReference; fileEncoding = 4; lastKnownFileType = sourcecode.swift; path = UIView.swift; sourceTree = "<group>"; };
		8DFC0C361FCE77EA002ADF48 /* ConstantTableViewCellIDs.swift */ = {isa = PBXFileReference; fileEncoding = 4; lastKnownFileType = sourcecode.swift; path = ConstantTableViewCellIDs.swift; sourceTree = "<group>"; };
		8DFC0C381FCE7A1D002ADF48 /* ColorConstants.swift */ = {isa = PBXFileReference; fileEncoding = 4; lastKnownFileType = sourcecode.swift; path = ColorConstants.swift; sourceTree = "<group>"; };
/* End PBXFileReference section */

/* Begin PBXFrameworksBuildPhase section */
		8DDC7E801FBC077200395D67 /* Frameworks */ = {
			isa = PBXFrameworksBuildPhase;
			buildActionMask = 2147483647;
			files = (
			);
			runOnlyForDeploymentPostprocessing = 0;
		};
/* End PBXFrameworksBuildPhase section */

/* Begin PBXGroup section */
		8D3BE6DB1FC7FFA9001233D3 /* Constants */ = {
			isa = PBXGroup;
			children = (
				8D3BE6D91FC7FFA2001233D3 /* EssentialConstants.swift */,
				8DFC0C381FCE7A1D002ADF48 /* ColorConstants.swift */,
				8DFC0C361FCE77EA002ADF48 /* ConstantTableViewCellIDs.swift */,
			);
			name = Constants;
			sourceTree = "<group>";
		};
		8D5813D41FD6606400CEFAF0 /* Functions */ = {
			isa = PBXGroup;
			children = (
				8D5813D51FD6607B00CEFAF0 /* ApiFunctions.swift */,
				8D5813D71FD6608B00CEFAF0 /* FCM.swift */,
			);
			name = Functions;
			sourceTree = "<group>";
		};
		8DDC7E7A1FBC077100395D67 = {
			isa = PBXGroup;
			children = (
				8DDC7E851FBC077200395D67 /* StarterProject */,
				8DDC7E841FBC077200395D67 /* Products */,
			);
			sourceTree = "<group>";
		};
		8DDC7E841FBC077200395D67 /* Products */ = {
			isa = PBXGroup;
			children = (
				8DDC7E831FBC077200395D67 /* StarterProject.app */,
			);
			name = Products;
			sourceTree = "<group>";
		};
		8DDC7E851FBC077200395D67 /* StarterProject */ = {
			isa = PBXGroup;
			children = (
				8DDC7E9B1FBC077E00395D67 /* Essentials */,
				8DDC7E861FBC077200395D67 /* AppDelegate.swift */,
				8DDC7E881FBC077200395D67 /* ViewController.swift */,
				8DDC7E8A1FBC077200395D67 /* Main.storyboard */,
				8DDC7E901FBC077200395D67 /* Assets.xcassets */,
				8DDC7E921FBC077200395D67 /* LaunchScreen.storyboard */,
				8DDC7E951FBC077200395D67 /* Info.plist */,
				8DDC7E8D1FBC077200395D67 /* StarterProject.xcdatamodeld */,
			);
			path = StarterProject;
			sourceTree = "<group>";
		};
		8DDC7E9B1FBC077E00395D67 /* Essentials */ = {
			isa = PBXGroup;
			children = (
				8D5813D41FD6606400CEFAF0 /* Functions */,
				8D3BE6DB1FC7FFA9001233D3 /* Constants */,
				8DDC7EA91FBC093100395D67 /* Views */,
				8DDC7E9E1FBC080B00395D67 /* Extensions */,
				8DDC7E9D1FBC07F200395D67 /* Cells */,
				8DDC7E9C1FBC07E700395D67 /* IBDesignables */,
			);
			name = Essentials;
			sourceTree = "<group>";
		};
		8DDC7E9C1FBC07E700395D67 /* IBDesignables */ = {
			isa = PBXGroup;
			children = (
				8DDC7EAC1FBC129B00395D67 /* LoginButton.swift */,
				8D52D1951FD524EB0051960A /* PMSlider.swift */,
				8DD8D3F91FBEA90A000D27A5 /* PmImageView.swift */,
				8D1BB8BF1FD56E4800A3F482 /* PMSliderDistributable.swift */,
			);
			name = IBDesignables;
			sourceTree = "<group>";
		};
		8DDC7E9D1FBC07F200395D67 /* Cells */ = {
			isa = PBXGroup;
			children = (
				8D3BE6DE1FC812E0001233D3 /* TableCell_onlyName.xib */,
				8D3BE6E01FC814F6001233D3 /* TableCell_onlyName.swift */,
			);
			name = Cells;
			sourceTree = "<group>";
		};
		8DDC7E9E1FBC080B00395D67 /* Extensions */ = {
			isa = PBXGroup;
			children = (
				8DDC7EA01FBC082B00395D67 /* HomeMadeExtensions */,
				8DDC7E9F1FBC081800395D67 /* 3rdPartyExtensions */,
			);
			name = Extensions;
			sourceTree = "<group>";
		};
		8DDC7E9F1FBC081800395D67 /* 3rdPartyExtensions */ = {
			isa = PBXGroup;
			children = (
				8DDC7EA71FBC092100395D67 /* KeychainSwiftDistrib.swift */,
				8D2EAD4C1FD94E7E001DDB61 /* Toast.swift */,
			);
			name = 3rdPartyExtensions;
			sourceTree = "<group>";
		};
		8DDC7EA01FBC082B00395D67 /* HomeMadeExtensions */ = {
			isa = PBXGroup;
			children = (
				8DDC7EA41FBC088E00395D67 /* Default Extesnions */,
				8DDC7EA31FBC087400395D67 /* Converters */,
			);
			name = HomeMadeExtensions;
			sourceTree = "<group>";
		};
		8DDC7EA31FBC087400395D67 /* Converters */ = {
			isa = PBXGroup;
			children = (
				8DDC7EA11FBC086200395D67 /* Convert.swift */,
			);
			name = Converters;
			sourceTree = "<group>";
		};
		8DDC7EA41FBC088E00395D67 /* Default Extesnions */ = {
			isa = PBXGroup;
			children = (
				8DDC7EA51FBC08B200395D67 /* Data.swift */,
				8DDC7EAE1FBC19E100395D67 /* ImageView.swift */,
				8D1BB8BD1FD56A2900A3F482 /* Image.swift */,
				8D3BE6DC1FC800FE001233D3 /* Colors.swift */,
				8DFC0C341FCE775A002ADF48 /* UIView.swift */,
			);
			name = "Default Extesnions";
			sourceTree = "<group>";
		};
		8DDC7EA91FBC093100395D67 /* Views */ = {
			isa = PBXGroup;
			children = (
				8D3BE6D71FC7F518001233D3 /* PMToast.swift */,
			);
			name = Views;
			sourceTree = "<group>";
		};
/* End PBXGroup section */

/* Begin PBXNativeTarget section */
		8DDC7E821FBC077200395D67 /* StarterProject */ = {
			isa = PBXNativeTarget;
			buildConfigurationList = 8DDC7E981FBC077200395D67 /* Build configuration list for PBXNativeTarget "StarterProject" */;
			buildPhases = (
				8DDC7E7F1FBC077200395D67 /* Sources */,
				8DDC7E801FBC077200395D67 /* Frameworks */,
				8DDC7E811FBC077200395D67 /* Resources */,
			);
			buildRules = (
			);
			dependencies = (
			);
			name = StarterProject;
			productName = StarterProject;
			productReference = 8DDC7E831FBC077200395D67 /* StarterProject.app */;
			productType = "com.apple.product-type.application";
		};
/* End PBXNativeTarget section */

/* Begin PBXProject section */
		8DDC7E7B1FBC077100395D67 /* Project object */ = {
			isa = PBXProject;
			attributes = {
				LastSwiftUpdateCheck = 0830;
				LastUpgradeCheck = 0830;
				ORGANIZATIONNAME = PmABi;
				TargetAttributes = {
					8DDC7E821FBC077200395D67 = {
						CreatedOnToolsVersion = 8.3.3;
						DevelopmentTeam = 26W4B9Y48E;
						ProvisioningStyle = Automatic;
					};
				};
			};
			buildConfigurationList = 8DDC7E7E1FBC077100395D67 /* Build configuration list for PBXProject "StarterProject" */;
			compatibilityVersion = "Xcode 3.2";
			developmentRegion = English;
			hasScannedForEncodings = 0;
			knownRegions = (
				en,
				Base,
			);
			mainGroup = 8DDC7E7A1FBC077100395D67;
			productRefGroup = 8DDC7E841FBC077200395D67 /* Products */;
			projectDirPath = "";
			projectRoot = "";
			targets = (
				8DDC7E821FBC077200395D67 /* StarterProject */,
			);
		};
/* End PBXProject section */

/* Begin PBXResourcesBuildPhase section */
		8DDC7E811FBC077200395D67 /* Resources */ = {
			isa = PBXResourcesBuildPhase;
			buildActionMask = 2147483647;
			files = (
				8DDC7E941FBC077200395D67 /* LaunchScreen.storyboard in Resources */,
				8DDC7E911FBC077200395D67 /* Assets.xcassets in Resources */,
				8D3BE6DF1FC812E0001233D3 /* TableCell_onlyName.xib in Resources */,
				8DDC7E8C1FBC077200395D67 /* Main.storyboard in Resources */,
			);
			runOnlyForDeploymentPostprocessing = 0;
		};
/* End PBXResourcesBuildPhase section */

/* Begin PBXSourcesBuildPhase section */
		8DDC7E7F1FBC077200395D67 /* Sources */ = {
			isa = PBXSourcesBuildPhase;
			buildActionMask = 2147483647;
			files = (
				8D5813D61FD6607B00CEFAF0 /* ApiFunctions.swift in Sources */,
				8D1BB8C01FD56E4800A3F482 /* PMSliderDistributable.swift in Sources */,
				8D3BE6DA1FC7FFA2001233D3 /* EssentialConstants.swift in Sources */,
				8D1BB8BE1FD56A2900A3F482 /* Image.swift in Sources */,
				8D3BE6DD1FC800FE001233D3 /* Colors.swift in Sources */,
				8DDC7EAF1FBC19E100395D67 /* ImageView.swift in Sources */,
				8D52D1961FD524EB0051960A /* PMSlider.swift in Sources */,
				8DDC7E891FBC077200395D67 /* ViewController.swift in Sources */,
				8DD8D3FA1FBEA90A000D27A5 /* PmImageView.swift in Sources */,
				8DDC7EA61FBC08B200395D67 /* Data.swift in Sources */,
				8D3BE6D81FC7F518001233D3 /* PMToast.swift in Sources */,
				8DDC7EAD1FBC129B00395D67 /* LoginButton.swift in Sources */,
				8DFC0C371FCE77EA002ADF48 /* ConstantTableViewCellIDs.swift in Sources */,
				8D5813D81FD6608B00CEFAF0 /* FCM.swift in Sources */,
				8DDC7EA21FBC086200395D67 /* Convert.swift in Sources */,
				8D3BE6E11FC814F6001233D3 /* TableCell_onlyName.swift in Sources */,
				8DFC0C391FCE7A1D002ADF48 /* ColorConstants.swift in Sources */,
				8DFC0C351FCE775A002ADF48 /* UIView.swift in Sources */,
				8DDC7E8F1FBC077200395D67 /* StarterProject.xcdatamodeld in Sources */,
				8D2EAD4D1FD94E7E001DDB61 /* Toast.swift in Sources */,
				8DDC7E871FBC077200395D67 /* AppDelegate.swift in Sources */,
				8DDC7EA81FBC092100395D67 /* KeychainSwiftDistrib.swift in Sources */,
			);
			runOnlyForDeploymentPostprocessing = 0;
		};
/* End PBXSourcesBuildPhase section */

/* Begin PBXVariantGroup section */
		8DDC7E8A1FBC077200395D67 /* Main.storyboard */ = {
			isa = PBXVariantGroup;
			children = (
				8DDC7E8B1FBC077200395D67 /* Base */,
			);
			name = Main.storyboard;
			sourceTree = "<group>";
		};
		8DDC7E921FBC077200395D67 /* LaunchScreen.storyboard */ = {
			isa = PBXVariantGroup;
			children = (
				8DDC7E931FBC077200395D67 /* Base */,
			);
			name = LaunchScreen.storyboard;
			sourceTree = "<group>";
		};
/* End PBXVariantGroup section */

/* Begin XCBuildConfiguration section */
		8DDC7E961FBC077200395D67 /* Debug */ = {
			isa = XCBuildConfiguration;
			buildSettings = {
				ALWAYS_SEARCH_USER_PATHS = NO;
				CLANG_ANALYZER_NONNULL = YES;
				CLANG_ANALYZER_NUMBER_OBJECT_CONVERSION = YES_AGGRESSIVE;
				CLANG_CXX_LANGUAGE_STANDARD = "gnu++0x";
				CLANG_CXX_LIBRARY = "libc++";
				CLANG_ENABLE_MODULES = YES;
				CLANG_ENABLE_OBJC_ARC = YES;
				CLANG_WARN_BOOL_CONVERSION = YES;
				CLANG_WARN_CONSTANT_CONVERSION = YES;
				CLANG_WARN_DIRECT_OBJC_ISA_USAGE = YES_ERROR;
				CLANG_WARN_DOCUMENTATION_COMMENTS = YES;
				CLANG_WARN_EMPTY_BODY = YES;
				CLANG_WARN_ENUM_CONVERSION = YES;
				CLANG_WARN_INFINITE_RECURSION = YES;
				CLANG_WARN_INT_CONVERSION = YES;
				CLANG_WARN_OBJC_ROOT_CLASS = YES_ERROR;
				CLANG_WARN_SUSPICIOUS_MOVE = YES;
				CLANG_WARN_UNREACHABLE_CODE = YES;
				CLANG_WARN__DUPLICATE_METHOD_MATCH = YES;
				"CODE_SIGN_IDENTITY[sdk=iphoneos*]" = "iPhone Developer";
				COPY_PHASE_STRIP = NO;
				DEBUG_INFORMATION_FORMAT = dwarf;
				ENABLE_STRICT_OBJC_MSGSEND = YES;
				ENABLE_TESTABILITY = YES;
				GCC_C_LANGUAGE_STANDARD = gnu99;
				GCC_DYNAMIC_NO_PIC = NO;
				GCC_NO_COMMON_BLOCKS = YES;
				GCC_OPTIMIZATION_LEVEL = 0;
				GCC_PREPROCESSOR_DEFINITIONS = (
					"DEBUG=1",
					"$(inherited)",
				);
				GCC_WARN_64_TO_32_BIT_CONVERSION = YES;
				GCC_WARN_ABOUT_RETURN_TYPE = YES_ERROR;
				GCC_WARN_UNDECLARED_SELECTOR = YES;
				GCC_WARN_UNINITIALIZED_AUTOS = YES_AGGRESSIVE;
				GCC_WARN_UNUSED_FUNCTION = YES;
				GCC_WARN_UNUSED_VARIABLE = YES;
				IPHONEOS_DEPLOYMENT_TARGET = 10.3;
				MTL_ENABLE_DEBUG_INFO = YES;
				ONLY_ACTIVE_ARCH = YES;
				SDKROOT = iphoneos;
				SWIFT_ACTIVE_COMPILATION_CONDITIONS = DEBUG;
				SWIFT_OPTIMIZATION_LEVEL = "-Onone";
				TARGETED_DEVICE_FAMILY = "1,2";
			};
			name = Debug;
		};
		8DDC7E971FBC077200395D67 /* Release */ = {
			isa = XCBuildConfiguration;
			buildSettings = {
				ALWAYS_SEARCH_USER_PATHS = NO;
				CLANG_ANALYZER_NONNULL = YES;
				CLANG_ANALYZER_NUMBER_OBJECT_CONVERSION = YES_AGGRESSIVE;
				CLANG_CXX_LANGUAGE_STANDARD = "gnu++0x";
				CLANG_CXX_LIBRARY = "libc++";
				CLANG_ENABLE_MODULES = YES;
				CLANG_ENABLE_OBJC_ARC = YES;
				CLANG_WARN_BOOL_CONVERSION = YES;
				CLANG_WARN_CONSTANT_CONVERSION = YES;
				CLANG_WARN_DIRECT_OBJC_ISA_USAGE = YES_ERROR;
				CLANG_WARN_DOCUMENTATION_COMMENTS = YES;
				CLANG_WARN_EMPTY_BODY = YES;
				CLANG_WARN_ENUM_CONVERSION = YES;
				CLANG_WARN_INFINITE_RECURSION = YES;
				CLANG_WARN_INT_CONVERSION = YES;
				CLANG_WARN_OBJC_ROOT_CLASS = YES_ERROR;
				CLANG_WARN_SUSPICIOUS_MOVE = YES;
				CLANG_WARN_UNREACHABLE_CODE = YES;
				CLANG_WARN__DUPLICATE_METHOD_MATCH = YES;
				"CODE_SIGN_IDENTITY[sdk=iphoneos*]" = "iPhone Developer";
				COPY_PHASE_STRIP = NO;
				DEBUG_INFORMATION_FORMAT = "dwarf-with-dsym";
				ENABLE_NS_ASSERTIONS = NO;
				ENABLE_STRICT_OBJC_MSGSEND = YES;
				GCC_C_LANGUAGE_STANDARD = gnu99;
				GCC_NO_COMMON_BLOCKS = YES;
				GCC_WARN_64_TO_32_BIT_CONVERSION = YES;
				GCC_WARN_ABOUT_RETURN_TYPE = YES_ERROR;
				GCC_WARN_UNDECLARED_SELECTOR = YES;
				GCC_WARN_UNINITIALIZED_AUTOS = YES_AGGRESSIVE;
				GCC_WARN_UNUSED_FUNCTION = YES;
				GCC_WARN_UNUSED_VARIABLE = YES;
				IPHONEOS_DEPLOYMENT_TARGET = 10.3;
				MTL_ENABLE_DEBUG_INFO = NO;
				SDKROOT = iphoneos;
				SWIFT_OPTIMIZATION_LEVEL = "-Owholemodule";
				TARGETED_DEVICE_FAMILY = "1,2";
				VALIDATE_PRODUCT = YES;
			};
			name = Release;
		};
		8DDC7E991FBC077200395D67 /* Debug */ = {
			isa = XCBuildConfiguration;
			buildSettings = {
				ASSETCATALOG_COMPILER_APPICON_NAME = AppIcon;
				DEVELOPMENT_TEAM = 26W4B9Y48E;
				INFOPLIST_FILE = StarterProject/Info.plist;
				LD_RUNPATH_SEARCH_PATHS = "$(inherited) @executable_path/Frameworks";
				PRODUCT_BUNDLE_IDENTIFIER = Abi.StarterProject;
				PRODUCT_NAME = "$(TARGET_NAME)";
				SWIFT_VERSION = 3.0;
			};
			name = Debug;
		};
		8DDC7E9A1FBC077200395D67 /* Release */ = {
			isa = XCBuildConfiguration;
			buildSettings = {
				ASSETCATALOG_COMPILER_APPICON_NAME = AppIcon;
				DEVELOPMENT_TEAM = 26W4B9Y48E;
				INFOPLIST_FILE = StarterProject/Info.plist;
				LD_RUNPATH_SEARCH_PATHS = "$(inherited) @executable_path/Frameworks";
				PRODUCT_BUNDLE_IDENTIFIER = Abi.StarterProject;
				PRODUCT_NAME = "$(TARGET_NAME)";
				SWIFT_VERSION = 3.0;
			};
			name = Release;
		};
/* End XCBuildConfiguration section */

/* Begin XCConfigurationList section */
		8DDC7E7E1FBC077100395D67 /* Build configuration list for PBXProject "StarterProject" */ = {
			isa = XCConfigurationList;
			buildConfigurations = (
				8DDC7E961FBC077200395D67 /* Debug */,
				8DDC7E971FBC077200395D67 /* Release */,
			);
			defaultConfigurationIsVisible = 0;
			defaultConfigurationName = Release;
		};
		8DDC7E981FBC077200395D67 /* Build configuration list for PBXNativeTarget "StarterProject" */ = {
			isa = XCConfigurationList;
			buildConfigurations = (
				8DDC7E991FBC077200395D67 /* Debug */,
				8DDC7E9A1FBC077200395D67 /* Release */,
			);
			defaultConfigurationIsVisible = 0;
			defaultConfigurationName = Release;
		};
/* End XCConfigurationList section */

/* Begin XCVersionGroup section */
		8DDC7E8D1FBC077200395D67 /* StarterProject.xcdatamodeld */ = {
			isa = XCVersionGroup;
			children = (
				8DDC7E8E1FBC077200395D67 /* StarterProject.xcdatamodel */,
			);
			currentVersion = 8DDC7E8E1FBC077200395D67 /* StarterProject.xcdatamodel */;
			path = StarterProject.xcdatamodeld;
			sourceTree = "<group>";
			versionGroupType = wrapper.xcdatamodel;
		};
/* End XCVersionGroup section */
	};
	rootObject = 8DDC7E7B1FBC077100395D67 /* Project object */;
}
